
Microsoft Visual Studio Solution File, Format Version 12.00
# Visual Studio 14
VisualStudioVersion = 14.0.25420.1
MinimumVisualStudioVersion = 10.0.40219.1
Project("{FAE04EC0-301F-11D3-BF4B-00C04F79EFBC}") = "Azure.Projects", "Azure.Projects\Azure.Projects.csproj", "{04772230-F458-4CFC-8EB2-2A5258A605DF}"
EndProject
Project("{FAE04EC0-301F-11D3-BF4B-00C04F79EFBC}") = "Angular.Page", "Angular.Page\Angular.Page.csproj", "{DD8D1304-12AC-47B5-B85C-DA128FFD7690}"
EndProject
Global
	GlobalSection(SolutionConfigurationPlatforms) = preSolution
		Debug|Any CPU = Debug|Any CPU
		Release|Any CPU = Release|Any CPU
	EndGlobalSection
	GlobalSection(ProjectConfigurationPlatforms) = postSolution
		{04772230-F458-4CFC-8EB2-2A5258A605DF}.Debug|Any CPU.ActiveCfg = Debug|Any CPU
		{04772230-F458-4CFC-8EB2-2A5258A605DF}.Debug|Any CPU.Build.0 = Debug|Any CPU
		{04772230-F458-4CFC-8EB2-2A5258A605DF}.Release|Any CPU.ActiveCfg = Release|Any CPU
		{04772230-F458-4CFC-8EB2-2A5258A605DF}.Release|Any CPU.Build.0 = Release|Any CPU
		{DD8D1304-12AC-47B5-B85C-DA128FFD7690}.Debug|Any CPU.ActiveCfg = Debug|Any CPU
		{DD8D1304-12AC-47B5-B85C-DA128FFD7690}.Debug|Any CPU.Build.0 = Debug|Any CPU
		{DD8D1304-12AC-47B5-B85C-DA128FFD7690}.Release|Any CPU.ActiveCfg = Release|Any CPU
		{DD8D1304-12AC-47B5-B85C-DA128FFD7690}.Release|Any CPU.Build.0 = Release|Any CPU
	EndGlobalSection
	GlobalSection(SolutionProperties) = preSolution
		HideSolutionNode = FALSE
	EndGlobalSection
EndGlobal
